
Microsoft Visual Studio Solution File, Format Version 12.00
# Visual Studio Version 17
VisualStudioVersion = 17.11.35327.3
MinimumVisualStudioVersion = 10.0.40219.1
Project("{FAE04EC0-301F-11D3-BF4B-00C04F79EFBC}") = "Projekt2_Paczesny_72541", "Projekt2_Paczesny_72541.csproj", "{3503CDF6-2055-4613-B7D6-366A42AF14FE}"
EndProject
Global
	GlobalSection(SolutionConfigurationPlatforms) = preSolution
		Debug|Any CPU = Debug|Any CPU
		Release|Any CPU = Release|Any CPU
	EndGlobalSection
	GlobalSection(ProjectConfigurationPlatforms) = postSolution
		{3503CDF6-2055-4613-B7D6-366A42AF14FE}.Debug|Any CPU.ActiveCfg = Debug|Any CPU
		{3503CDF6-2055-4613-B7D6-366A42AF14FE}.Debug|Any CPU.Build.0 = Debug|Any CPU
		{3503CDF6-2055-4613-B7D6-366A42AF14FE}.Release|Any CPU.ActiveCfg = Release|Any CPU
		{3503CDF6-2055-4613-B7D6-366A42AF14FE}.Release|Any CPU.Build.0 = Release|Any CPU
	EndGlobalSection
	GlobalSection(SolutionProperties) = preSolution
		HideSolutionNode = FALSE
	EndGlobalSection
	GlobalSection(ExtensibilityGlobals) = postSolution
		SolutionGuid = {F1604C53-EA33-4C51-8A19-D7F6340B429C}
	EndGlobalSection
EndGlobal
